
Microsoft Visual Studio Solution File, Format Version 12.00
# Visual Studio Version 16
VisualStudioVersion = 16.0.30611.23
MinimumVisualStudioVersion = 10.0.40219.1
Project("{FAE04EC0-301F-11D3-BF4B-00C04F79EFBC}") = "Prueba", "Prueba\Prueba.csproj", "{2440FA61-31E3-4EDD-AE03-47886BF3E48F}"
EndProject
Global
	GlobalSection(SolutionConfigurationPlatforms) = preSolution
		Debug|Any CPU = Debug|Any CPU
		Release|Any CPU = Release|Any CPU
	EndGlobalSection
	GlobalSection(ProjectConfigurationPlatforms) = postSolution
		{2440FA61-31E3-4EDD-AE03-47886BF3E48F}.Debug|Any CPU.ActiveCfg = Debug|Any CPU
		{2440FA61-31E3-4EDD-AE03-47886BF3E48F}.Debug|Any CPU.Build.0 = Debug|Any CPU
		{2440FA61-31E3-4EDD-AE03-47886BF3E48F}.Release|Any CPU.ActiveCfg = Release|Any CPU
		{2440FA61-31E3-4EDD-AE03-47886BF3E48F}.Release|Any CPU.Build.0 = Release|Any CPU
	EndGlobalSection
	GlobalSection(SolutionProperties) = preSolution
		HideSolutionNode = FALSE
	EndGlobalSection
	GlobalSection(ExtensibilityGlobals) = postSolution
		SolutionGuid = {4E953A7F-7195-48F3-813F-6A836DE8411C}
	EndGlobalSection
EndGlobal
